Microsoft Visual Studio Solution File, Format Version 12.00
# Visual Studio Version 17
VisualStudioVersion = 17.5.2.0
MinimumVisualStudioVersion = 10.0.40219.1
Project("{FAE04EC0-301F-11D3-BF4B-00C04F79EFBC}") = "netty_app", "netty_app\netty_app.csproj", "{4A609D22-BE6C-DB48-6D8F-E065FDD3633B}"
EndProject
Global
	GlobalSection(SolutionConfigurationPlatforms) = preSolution
		Debug|Any CPU = Debug|Any CPU
		Release|Any CPU = Release|Any CPU
	EndGlobalSection
	GlobalSection(ProjectConfigurationPlatforms) = postSolution
		{4A609D22-BE6C-DB48-6D8F-E065FDD3633B}.Debug|Any CPU.ActiveCfg = Debug|Any CPU
		{4A609D22-BE6C-DB48-6D8F-E065FDD3633B}.Debug|Any CPU.Build.0 = Debug|Any CPU
		{4A609D22-BE6C-DB48-6D8F-E065FDD3633B}.Release|Any CPU.ActiveCfg = Release|Any CPU
		{4A609D22-BE6C-DB48-6D8F-E065FDD3633B}.Release|Any CPU.Build.0 = Release|Any CPU
	EndGlobalSection
	GlobalSection(SolutionProperties) = preSolution
		HideSolutionNode = FALSE
	EndGlobalSection
	GlobalSection(ExtensibilityGlobals) = postSolution
		SolutionGuid = {86E123C3-2858-4317-A408-350FF0091EB7}
	EndGlobalSection
EndGlobal
